
Microsoft Visual Studio Solution File, Format Version 12.00
# Visual Studio Version 17
VisualStudioVersion = 17.0.32112.339
MinimumVisualStudioVersion = 10.0.40219.1
Project("{9A19103F-16F7-4668-BE54-9A1E7A4F7556}") = "ExporterCore", "ExporterCore\ExporterCore.csproj", "{A6948F0E-CF55-4D54-A31D-01512776D55A}"
EndProject
Project("{9A19103F-16F7-4668-BE54-9A1E7A4F7556}") = "ConsoleApp", "ConsoleApp\ConsoleApp.csproj", "{F4159EE3-1123-45F9-9726-DE4504448B66}"
EndProject
Project("{2150E333-8FDC-42A3-9474-1A3956D46DE8}") = "Solution Items", "Solution Items", "{7DFBC437-76A8-41B8-B57E-F54052D826F6}"
	ProjectSection(SolutionItems) = preProject
		.editorconfig = .editorconfig
	EndProjectSection
EndProject
Global
	GlobalSection(SolutionConfigurationPlatforms) = preSolution
		Debug|Any CPU = Debug|Any CPU
		Release|Any CPU = Release|Any CPU
	EndGlobalSection
	GlobalSection(ProjectConfigurationPlatforms) = postSolution
		{A6948F0E-CF55-4D54-A31D-01512776D55A}.Debug|Any CPU.ActiveCfg = Debug|Any CPU
		{A6948F0E-CF55-4D54-A31D-01512776D55A}.Debug|Any CPU.Build.0 = Debug|Any CPU
		{A6948F0E-CF55-4D54-A31D-01512776D55A}.Release|Any CPU.ActiveCfg = Release|Any CPU
		{A6948F0E-CF55-4D54-A31D-01512776D55A}.Release|Any CPU.Build.0 = Release|Any CPU
		{F4159EE3-1123-45F9-9726-DE4504448B66}.Debug|Any CPU.ActiveCfg = Debug|Any CPU
		{F4159EE3-1123-45F9-9726-DE4504448B66}.Debug|Any CPU.Build.0 = Debug|Any CPU
		{F4159EE3-1123-45F9-9726-DE4504448B66}.Release|Any CPU.ActiveCfg = Release|Any CPU
		{F4159EE3-1123-45F9-9726-DE4504448B66}.Release|Any CPU.Build.0 = Release|Any CPU
	EndGlobalSection
	GlobalSection(SolutionProperties) = preSolution
		HideSolutionNode = FALSE
	EndGlobalSection
	GlobalSection(ExtensibilityGlobals) = postSolution
		SolutionGuid = {6464F7BF-D9DF-4194-973D-C933286DAF9F}
	EndGlobalSection
EndGlobal
